
Microsoft Visual Studio Solution File, Format Version 12.00
# Visual Studio Version 16
VisualStudioVersion = 16.0.30114.105
MinimumVisualStudioVersion = 10.0.40219.1
Project("{FAE04EC0-301F-11D3-BF4B-00C04F79EFBC}") = "PoorReddit2", "PoorReddit2\PoorReddit2.csproj", "{4988AA55-0E87-47E7-8F64-D626A9DFDE0A}"
EndProject
Global
	GlobalSection(SolutionConfigurationPlatforms) = preSolution
		Debug|Any CPU = Debug|Any CPU
		Release|Any CPU = Release|Any CPU
	EndGlobalSection
	GlobalSection(ProjectConfigurationPlatforms) = postSolution
		{4988AA55-0E87-47E7-8F64-D626A9DFDE0A}.Debug|Any CPU.ActiveCfg = Debug|Any CPU
		{4988AA55-0E87-47E7-8F64-D626A9DFDE0A}.Debug|Any CPU.Build.0 = Debug|Any CPU
		{4988AA55-0E87-47E7-8F64-D626A9DFDE0A}.Release|Any CPU.ActiveCfg = Release|Any CPU
		{4988AA55-0E87-47E7-8F64-D626A9DFDE0A}.Release|Any CPU.Build.0 = Release|Any CPU
	EndGlobalSection
	GlobalSection(SolutionProperties) = preSolution
		HideSolutionNode = FALSE
	EndGlobalSection
	GlobalSection(ExtensibilityGlobals) = postSolution
		SolutionGuid = {7A169D64-7646-41AB-8A94-2C6C9828B5D4}
	EndGlobalSection
EndGlobal
